
Microsoft Visual Studio Solution File, Format Version 12.00
# Visual Studio 15
VisualStudioVersion = 15.0.28010.2036
MinimumVisualStudioVersion = 10.0.40219.1
Project("{FAE04EC0-301F-11D3-BF4B-00C04F79EFBC}") = "EnglishTester", "EnglishTester\EnglishTester.csproj", "{8C557B20-5AED-41B3-8D08-E9062B32BD05}"
EndProject
Global
	GlobalSection(SolutionConfigurationPlatforms) = preSolution
		Debug|Any CPU = Debug|Any CPU
		Release|Any CPU = Release|Any CPU
	EndGlobalSection
	GlobalSection(ProjectConfigurationPlatforms) = postSolution
		{8C557B20-5AED-41B3-8D08-E9062B32BD05}.Debug|Any CPU.ActiveCfg = Debug|Any CPU
		{8C557B20-5AED-41B3-8D08-E9062B32BD05}.Debug|Any CPU.Build.0 = Debug|Any CPU
		{8C557B20-5AED-41B3-8D08-E9062B32BD05}.Release|Any CPU.ActiveCfg = Release|Any CPU
		{8C557B20-5AED-41B3-8D08-E9062B32BD05}.Release|Any CPU.Build.0 = Release|Any CPU
	EndGlobalSection
	GlobalSection(SolutionProperties) = preSolution
		HideSolutionNode = FALSE
	EndGlobalSection
	GlobalSection(ExtensibilityGlobals) = postSolution
		SolutionGuid = {754DAF12-1069-434F-B4CE-02E843649782}
	EndGlobalSection
EndGlobal
